
Microsoft Visual Studio Solution File, Format Version 12.00
# Visual Studio 15
VisualStudioVersion = 15.0.26124.0
MinimumVisualStudioVersion = 15.0.26124.0
Project("{FAE04EC0-301F-11D3-BF4B-00C04F79EFBC}") = "Domain", "Domain\Domain.csproj", "{8F75DF5F-E399-431C-BE3D-142F9BE2BD5A}"
EndProject
Project("{FAE04EC0-301F-11D3-BF4B-00C04F79EFBC}") = "Application", "Application\Application.csproj", "{66F65B48-4A8B-4250-8946-75C1138FD90D}"
EndProject
Project("{FAE04EC0-301F-11D3-BF4B-00C04F79EFBC}") = "Persistence", "Persistence\Persistence.csproj", "{1FDEC0D5-99B8-4F5E-BD83-0BDD1ACBD6F3}"
EndProject
Project("{FAE04EC0-301F-11D3-BF4B-00C04F79EFBC}") = "API", "API\API.csproj", "{4CF30EB6-A5B5-408A-95BF-89FCF4E81D08}"
EndProject
Global
	GlobalSection(SolutionConfigurationPlatforms) = preSolution
		Debug|Any CPU = Debug|Any CPU
		Debug|x64 = Debug|x64
		Debug|x86 = Debug|x86
		Release|Any CPU = Release|Any CPU
		Release|x64 = Release|x64
		Release|x86 = Release|x86
	EndGlobalSection
	GlobalSection(SolutionProperties) = preSolution
		HideSolutionNode = FALSE
	EndGlobalSection
	GlobalSection(ProjectConfigurationPlatforms) = postSolution
		{8F75DF5F-E399-431C-BE3D-142F9BE2BD5A}.Debug|Any CPU.ActiveCfg = Debug|Any CPU
		{8F75DF5F-E399-431C-BE3D-142F9BE2BD5A}.Debug|Any CPU.Build.0 = Debug|Any CPU
		{8F75DF5F-E399-431C-BE3D-142F9BE2BD5A}.Debug|x64.ActiveCfg = Debug|Any CPU
		{8F75DF5F-E399-431C-BE3D-142F9BE2BD5A}.Debug|x64.Build.0 = Debug|Any CPU
		{8F75DF5F-E399-431C-BE3D-142F9BE2BD5A}.Debug|x86.ActiveCfg = Debug|Any CPU
		{8F75DF5F-E399-431C-BE3D-142F9BE2BD5A}.Debug|x86.Build.0 = Debug|Any CPU
		{8F75DF5F-E399-431C-BE3D-142F9BE2BD5A}.Release|Any CPU.ActiveCfg = Release|Any CPU
		{8F75DF5F-E399-431C-BE3D-142F9BE2BD5A}.Release|Any CPU.Build.0 = Release|Any CPU
		{8F75DF5F-E399-431C-BE3D-142F9BE2BD5A}.Release|x64.ActiveCfg = Release|Any CPU
		{8F75DF5F-E399-431C-BE3D-142F9BE2BD5A}.Release|x64.Build.0 = Release|Any CPU
		{8F75DF5F-E399-431C-BE3D-142F9BE2BD5A}.Release|x86.ActiveCfg = Release|Any CPU
		{8F75DF5F-E399-431C-BE3D-142F9BE2BD5A}.Release|x86.Build.0 = Release|Any CPU
		{66F65B48-4A8B-4250-8946-75C1138FD90D}.Debug|Any CPU.ActiveCfg = Debug|Any CPU
		{66F65B48-4A8B-4250-8946-75C1138FD90D}.Debug|Any CPU.Build.0 = Debug|Any CPU
		{66F65B48-4A8B-4250-8946-75C1138FD90D}.Debug|x64.ActiveCfg = Debug|Any CPU
		{66F65B48-4A8B-4250-8946-75C1138FD90D}.Debug|x64.Build.0 = Debug|Any CPU
		{66F65B48-4A8B-4250-8946-75C1138FD90D}.Debug|x86.ActiveCfg = Debug|Any CPU
		{66F65B48-4A8B-4250-8946-75C1138FD90D}.Debug|x86.Build.0 = Debug|Any CPU
		{66F65B48-4A8B-4250-8946-75C1138FD90D}.Release|Any CPU.ActiveCfg = Release|Any CPU
		{66F65B48-4A8B-4250-8946-75C1138FD90D}.Release|Any CPU.Build.0 = Release|Any CPU
		{66F65B48-4A8B-4250-8946-75C1138FD90D}.Release|x64.ActiveCfg = Release|Any CPU
		{66F65B48-4A8B-4250-8946-75C1138FD90D}.Release|x64.Build.0 = Release|Any CPU
		{66F65B48-4A8B-4250-8946-75C1138FD90D}.Release|x86.ActiveCfg = Release|Any CPU
		{66F65B48-4A8B-4250-8946-75C1138FD90D}.Release|x86.Build.0 = Release|Any CPU
		{1FDEC0D5-99B8-4F5E-BD83-0BDD1ACBD6F3}.Debug|Any CPU.ActiveCfg = Debug|Any CPU
		{1FDEC0D5-99B8-4F5E-BD83-0BDD1ACBD6F3}.Debug|Any CPU.Build.0 = Debug|Any CPU
		{1FDEC0D5-99B8-4F5E-BD83-0BDD1ACBD6F3}.Debug|x64.ActiveCfg = Debug|Any CPU
		{1FDEC0D5-99B8-4F5E-BD83-0BDD1ACBD6F3}.Debug|x64.Build.0 = Debug|Any CPU
		{1FDEC0D5-99B8-4F5E-BD83-0BDD1ACBD6F3}.Debug|x86.ActiveCfg = Debug|Any CPU
		{1FDEC0D5-99B8-4F5E-BD83-0BDD1ACBD6F3}.Debug|x86.Build.0 = Debug|Any CPU
		{1FDEC0D5-99B8-4F5E-BD83-0BDD1ACBD6F3}.Release|Any CPU.ActiveCfg = Release|Any CPU
		{1FDEC0D5-99B8-4F5E-BD83-0BDD1ACBD6F3}.Release|Any CPU.Build.0 = Release|Any CPU
		{1FDEC0D5-99B8-4F5E-BD83-0BDD1ACBD6F3}.Release|x64.ActiveCfg = Release|Any CPU
		{1FDEC0D5-99B8-4F5E-BD83-0BDD1ACBD6F3}.Release|x64.Build.0 = Release|Any CPU
		{1FDEC0D5-99B8-4F5E-BD83-0BDD1ACBD6F3}.Release|x86.ActiveCfg = Release|Any CPU
		{1FDEC0D5-99B8-4F5E-BD83-0BDD1ACBD6F3}.Release|x86.Build.0 = Release|Any CPU
		{4CF30EB6-A5B5-408A-95BF-89FCF4E81D08}.Debug|Any CPU.ActiveCfg = Debug|Any CPU
		{4CF30EB6-A5B5-408A-95BF-89FCF4E81D08}.Debug|Any CPU.Build.0 = Debug|Any CPU
		{4CF30EB6-A5B5-408A-95BF-89FCF4E81D08}.Debug|x64.ActiveCfg = Debug|Any CPU
		{4CF30EB6-A5B5-408A-95BF-89FCF4E81D08}.Debug|x64.Build.0 = Debug|Any CPU
		{4CF30EB6-A5B5-408A-95BF-89FCF4E81D08}.Debug|x86.ActiveCfg = Debug|Any CPU
		{4CF30EB6-A5B5-408A-95BF-89FCF4E81D08}.Debug|x86.Build.0 = Debug|Any CPU
		{4CF30EB6-A5B5-408A-95BF-89FCF4E81D08}.Release|Any CPU.ActiveCfg = Release|Any CPU
		{4CF30EB6-A5B5-408A-95BF-89FCF4E81D08}.Release|Any CPU.Build.0 = Release|Any CPU
		{4CF30EB6-A5B5-408A-95BF-89FCF4E81D08}.Release|x64.ActiveCfg = Release|Any CPU
		{4CF30EB6-A5B5-408A-95BF-89FCF4E81D08}.Release|x64.Build.0 = Release|Any CPU
		{4CF30EB6-A5B5-408A-95BF-89FCF4E81D08}.Release|x86.ActiveCfg = Release|Any CPU
		{4CF30EB6-A5B5-408A-95BF-89FCF4E81D08}.Release|x86.Build.0 = Release|Any CPU
	EndGlobalSection
EndGlobal
